
Microsoft Visual Studio Solution File, Format Version 12.00
# Visual Studio Version 17
VisualStudioVersion = 17.12.35527.113
MinimumVisualStudioVersion = 10.0.40219.1
Project("{9A19103F-16F7-4668-BE54-9A1E7A4F7556}") = "SimpleTaskProject", "SimpleTaskProject\SimpleTaskProject.csproj", "{77B44631-F46A-4C88-AD96-4C8D640459B4}"
EndProject
Global
	GlobalSection(SolutionConfigurationPlatforms) = preSolution
		Debug|Any CPU = Debug|Any CPU
		Release|Any CPU = Release|Any CPU
	EndGlobalSection
	GlobalSection(ProjectConfigurationPlatforms) = postSolution
		{77B44631-F46A-4C88-AD96-4C8D640459B4}.Debug|Any CPU.ActiveCfg = Debug|Any CPU
		{77B44631-F46A-4C88-AD96-4C8D640459B4}.Debug|Any CPU.Build.0 = Debug|Any CPU
		{77B44631-F46A-4C88-AD96-4C8D640459B4}.Release|Any CPU.ActiveCfg = Release|Any CPU
		{77B44631-F46A-4C88-AD96-4C8D640459B4}.Release|Any CPU.Build.0 = Release|Any CPU
	EndGlobalSection
	GlobalSection(SolutionProperties) = preSolution
		HideSolutionNode = FALSE
	EndGlobalSection
	GlobalSection(ExtensibilityGlobals) = postSolution
		SolutionGuid = {D409F4CD-892E-4820-AB2D-CDA4F865E7D9}
	EndGlobalSection
EndGlobal
